
Microsoft Visual Studio Solution File, Format Version 12.00
# Visual Studio Version 16
VisualStudioVersion = 16.0.30320.27
MinimumVisualStudioVersion = 10.0.40219.1
Project("{F184B08F-C81C-45F6-A57F-5ABD9991F28F}") = "WindowsApp4", "WindowsApp4\WindowsApp4.vbproj", "{873A60EC-BDCF-4F79-A274-81D32D2DE6C2}"
EndProject
Global
	GlobalSection(SolutionConfigurationPlatforms) = preSolution
		Debug|Any CPU = Debug|Any CPU
		Release|Any CPU = Release|Any CPU
	EndGlobalSection
	GlobalSection(ProjectConfigurationPlatforms) = postSolution
		{873A60EC-BDCF-4F79-A274-81D32D2DE6C2}.Debug|Any CPU.ActiveCfg = Debug|Any CPU
		{873A60EC-BDCF-4F79-A274-81D32D2DE6C2}.Debug|Any CPU.Build.0 = Debug|Any CPU
		{873A60EC-BDCF-4F79-A274-81D32D2DE6C2}.Release|Any CPU.ActiveCfg = Release|Any CPU
		{873A60EC-BDCF-4F79-A274-81D32D2DE6C2}.Release|Any CPU.Build.0 = Release|Any CPU
	EndGlobalSection
	GlobalSection(SolutionProperties) = preSolution
		HideSolutionNode = FALSE
	EndGlobalSection
	GlobalSection(ExtensibilityGlobals) = postSolution
		SolutionGuid = {04E82F9C-413F-45CA-9F01-F227B36BA06C}
	EndGlobalSection
EndGlobal
