
Microsoft Visual Studio Solution File, Format Version 12.00
# Visual Studio Version 16
VisualStudioVersion = 16.0.30320.27
MinimumVisualStudioVersion = 10.0.40219.1
Project("{F184B08F-C81C-45F6-A57F-5ABD9991F28F}") = "WindowsApp16", "WindowsApp16\WindowsApp16.vbproj", "{BF58B277-D489-4FBB-8097-1132D9AEFF2B}"
EndProject
Global
	GlobalSection(SolutionConfigurationPlatforms) = preSolution
		Debug|Any CPU = Debug|Any CPU
		Release|Any CPU = Release|Any CPU
	EndGlobalSection
	GlobalSection(ProjectConfigurationPlatforms) = postSolution
		{BF58B277-D489-4FBB-8097-1132D9AEFF2B}.Debug|Any CPU.ActiveCfg = Debug|Any CPU
		{BF58B277-D489-4FBB-8097-1132D9AEFF2B}.Debug|Any CPU.Build.0 = Debug|Any CPU
		{BF58B277-D489-4FBB-8097-1132D9AEFF2B}.Release|Any CPU.ActiveCfg = Release|Any CPU
		{BF58B277-D489-4FBB-8097-1132D9AEFF2B}.Release|Any CPU.Build.0 = Release|Any CPU
	EndGlobalSection
	GlobalSection(SolutionProperties) = preSolution
		HideSolutionNode = FALSE
	EndGlobalSection
	GlobalSection(ExtensibilityGlobals) = postSolution
		SolutionGuid = {2078D2BA-7349-4DB9-9AAE-630D67B9B6AA}
	EndGlobalSection
EndGlobal
